{
  "name": "laravel-openapi-server-generator",
  "version": "1.0.0",
  "lockfileVersion": 1,
  "requires": true,
  "dependencies": {
    "@openapitools/openapi-generator-cli": {
      "version": "1.0.13-4.3.1",
      "resolved": "https://registry.npmjs.org/@openapitools/openapi-generator-cli/-/openapi-generator-cli-1.0.13-4.3.1.tgz",
      "integrity": "sha512-hUbSHCXak8vujMpTgH5dDACq0mynya37xgPFD3JbmnwRrPrgrZ4mr3+w7QZJ5aLMCIfb2j3s96d1sWaOZYZzxA==",
      "dev": true
    }
  }
}
